
Microsoft Visual Studio Solution File, Format Version 12.00
# Visual Studio Version 17
VisualStudioVersion = 17.8.34330.188
MinimumVisualStudioVersion = 10.0.40219.1
Project("{9A19103F-16F7-4668-BE54-9A1E7A4F7556}") = "AdoNetExample", "AdoNetExample\AdoNetExample.csproj", "{C3207A52-C3E0-4E4C-9C84-8FB7B570FF83}"
EndProject
Project("{9A19103F-16F7-4668-BE54-9A1E7A4F7556}") = "EntityFrameworkExample", "EntityFrameworkExample\EntityFrameworkExample.csproj", "{A6FE57BA-B146-48FB-B14C-92DD07A7D6DE}"
EndProject
Project("{FAE04EC0-301F-11D3-BF4B-00C04F79EFBC}") = "DapperORMExample", "DapperORMExample\DapperORMExample.csproj", "{5E6355E3-7BB9-4D60-87F0-70420A59E986}"
EndProject
Global
	GlobalSection(SolutionConfigurationPlatforms) = preSolution
		Debug|Any CPU = Debug|Any CPU
		Release|Any CPU = Release|Any CPU
	EndGlobalSection
	GlobalSection(ProjectConfigurationPlatforms) = postSolution
		{C3207A52-C3E0-4E4C-9C84-8FB7B570FF83}.Debug|Any CPU.ActiveCfg = Debug|Any CPU
		{C3207A52-C3E0-4E4C-9C84-8FB7B570FF83}.Debug|Any CPU.Build.0 = Debug|Any CPU
		{C3207A52-C3E0-4E4C-9C84-8FB7B570FF83}.Release|Any CPU.ActiveCfg = Release|Any CPU
		{C3207A52-C3E0-4E4C-9C84-8FB7B570FF83}.Release|Any CPU.Build.0 = Release|Any CPU
		{A6FE57BA-B146-48FB-B14C-92DD07A7D6DE}.Debug|Any CPU.ActiveCfg = Debug|Any CPU
		{A6FE57BA-B146-48FB-B14C-92DD07A7D6DE}.Debug|Any CPU.Build.0 = Debug|Any CPU
		{A6FE57BA-B146-48FB-B14C-92DD07A7D6DE}.Release|Any CPU.ActiveCfg = Release|Any CPU
		{A6FE57BA-B146-48FB-B14C-92DD07A7D6DE}.Release|Any CPU.Build.0 = Release|Any CPU
		{5E6355E3-7BB9-4D60-87F0-70420A59E986}.Debug|Any CPU.ActiveCfg = Debug|Any CPU
		{5E6355E3-7BB9-4D60-87F0-70420A59E986}.Debug|Any CPU.Build.0 = Debug|Any CPU
		{5E6355E3-7BB9-4D60-87F0-70420A59E986}.Release|Any CPU.ActiveCfg = Release|Any CPU
		{5E6355E3-7BB9-4D60-87F0-70420A59E986}.Release|Any CPU.Build.0 = Release|Any CPU
	EndGlobalSection
	GlobalSection(SolutionProperties) = preSolution
		HideSolutionNode = FALSE
	EndGlobalSection
	GlobalSection(ExtensibilityGlobals) = postSolution
		SolutionGuid = {8BD340C5-AE5D-44C3-A104-EE6AA346F68D}
	EndGlobalSection
EndGlobal
